
Microsoft Visual Studio Solution File, Format Version 12.00
# Visual Studio 15
VisualStudioVersion = 15.0.28307.489
MinimumVisualStudioVersion = 10.0.40219.1
Project("{8BC9CEB8-8B4A-11D0-8D11-00A0C91BC942}") = "MSMPI_test", "MSMPI_test\MSMPI_test.vcxproj", "{F52F846F-B072-48CA-81F3-452A52D1F4AA}"
EndProject
Global
	GlobalSection(SolutionConfigurationPlatforms) = preSolution
		Debug|Any CPU = Debug|Any CPU
		Debug|x64 = Debug|x64
		Debug|x86 = Debug|x86
		Release|Any CPU = Release|Any CPU
		Release|x64 = Release|x64
		Release|x86 = Release|x86
	EndGlobalSection
	GlobalSection(ProjectConfigurationPlatforms) = postSolution
		{F52F846F-B072-48CA-81F3-452A52D1F4AA}.Debug|Any CPU.ActiveCfg = Debug|Win32
		{F52F846F-B072-48CA-81F3-452A52D1F4AA}.Debug|x64.ActiveCfg = Debug|x64
		{F52F846F-B072-48CA-81F3-452A52D1F4AA}.Debug|x64.Build.0 = Debug|x64
		{F52F846F-B072-48CA-81F3-452A52D1F4AA}.Debug|x86.ActiveCfg = Debug|Win32
		{F52F846F-B072-48CA-81F3-452A52D1F4AA}.Debug|x86.Build.0 = Debug|Win32
		{F52F846F-B072-48CA-81F3-452A52D1F4AA}.Release|Any CPU.ActiveCfg = Release|Win32
		{F52F846F-B072-48CA-81F3-452A52D1F4AA}.Release|x64.ActiveCfg = Release|x64
		{F52F846F-B072-48CA-81F3-452A52D1F4AA}.Release|x64.Build.0 = Release|x64
		{F52F846F-B072-48CA-81F3-452A52D1F4AA}.Release|x86.ActiveCfg = Release|Win32
		{F52F846F-B072-48CA-81F3-452A52D1F4AA}.Release|x86.Build.0 = Release|Win32
	EndGlobalSection
	GlobalSection(SolutionProperties) = preSolution
		HideSolutionNode = FALSE
	EndGlobalSection
	GlobalSection(ExtensibilityGlobals) = postSolution
		SolutionGuid = {39CA4A0D-D1AF-430E-BB9D-8136D3AB071A}
	EndGlobalSection
EndGlobal
